
Microsoft Visual Studio Solution File, Format Version 12.00
# Visual Studio Version 16
VisualStudioVersion = 16.0.29411.138
MinimumVisualStudioVersion = 10.0.40219.1
Project("{FAE04EC0-301F-11D3-BF4B-00C04F79EFBC}") = "ContosoUniversity", "ContosoUniversity.csproj", "{4239CF38-2C4C-4C5C-BA13-A91E40FBFCBC}"
EndProject
Global
	GlobalSection(SolutionConfigurationPlatforms) = preSolution
		Debug|Any CPU = Debug|Any CPU
		Release|Any CPU = Release|Any CPU
	EndGlobalSection
	GlobalSection(ProjectConfigurationPlatforms) = postSolution
		{4239CF38-2C4C-4C5C-BA13-A91E40FBFCBC}.Debug|Any CPU.ActiveCfg = Debug|Any CPU
		{4239CF38-2C4C-4C5C-BA13-A91E40FBFCBC}.Debug|Any CPU.Build.0 = Debug|Any CPU
		{4239CF38-2C4C-4C5C-BA13-A91E40FBFCBC}.Release|Any CPU.ActiveCfg = Release|Any CPU
		{4239CF38-2C4C-4C5C-BA13-A91E40FBFCBC}.Release|Any CPU.Build.0 = Release|Any CPU
	EndGlobalSection
	GlobalSection(SolutionProperties) = preSolution
		HideSolutionNode = FALSE
	EndGlobalSection
	GlobalSection(ExtensibilityGlobals) = postSolution
		SolutionGuid = {420F66E2-D262-4B61-B76B-85EA41A1AA5B}
	EndGlobalSection
EndGlobal
